// !$*UTF8*$!
{
	archiveVersion = 1;
	classes = {
	};
	objectVersion = 77;
	objects = {

/* Begin PBXContainerItemProxy section */
		2B63613F2DA90C0F00B59427 /* PBXContainerItemProxy */ = {
			isa = PBXContainerItemProxy;
			containerPortal = 2B6361262DA90C0D00B59427 /* Project object */;
			proxyType = 1;
			remoteGlobalIDString = 2B63612D2DA90C0D00B59427;
			remoteInfo = CheersClock;
		};
		2B6361492DA90C0F00B59427 /* PBXContainerItemProxy */ = {
			isa = PBXContainerItemProxy;
			containerPortal = 2B6361262DA90C0D00B59427 /* Project object */;
			proxyType = 1;
			remoteGlobalIDString = 2B63612D2DA90C0D00B59427;
			remoteInfo = CheersClock;
		};
/* End PBXContainerItemProxy section */

/* Begin PBXFileReference section */
		2B63612E2DA90C0D00B59427 /* CheersClock.app */ = {isa = PBXFileReference; explicitFileType = wrapper.application; includeInIndex = 0; path = CheersClock.app; sourceTree = BUILT_PRODUCTS_DIR; };
		2B63613E2DA90C0F00B59427 /* CheersClockTests.xctest */ = {isa = PBXFileReference; explicitFileType = wrapper.cfbundle; includeInIndex = 0; path = CheersClockTests.xctest; sourceTree = BUILT_PRODUCTS_DIR; };
		2B6361482DA90C0F00B59427 /* CheersClockUITests.xctest */ = {isa = PBXFileReference; explicitFileType = wrapper.cfbundle; includeInIndex = 0; path = CheersClockUITests.xctest; sourceTree = BUILT_PRODUCTS_DIR; };
/* End PBXFileReference section */

/* Begin PBXFileSystemSynchronizedRootGroup section */
		2B6361302DA90C0D00B59427 /* CheersClock */ = {
			isa = PBXFileSystemSynchronizedRootGroup;
			path = CheersClock;
			sourceTree = "<group>";
		};
		2B6361412DA90C0F00B59427 /* CheersClockTests */ = {
			isa = PBXFileSystemSynchronizedRootGroup;
			path = CheersClockTests;
			sourceTree = "<group>";
		};
		2B63614B2DA90C0F00B59427 /* CheersClockUITests */ = {
			isa = PBXFileSystemSynchronizedRootGroup;
			path = CheersClockUITests;
			sourceTree = "<group>";
		};
/* End PBXFileSystemSynchronizedRootGroup section */

/* Begin PBXFrameworksBuildPhase section */
		2B63612B2DA90C0D00B59427 /* Frameworks */ = {
			isa = PBXFrameworksBuildPhase;
			buildActionMask = 2147483647;
			files = (
			);
			runOnlyForDeploymentPostprocessing = 0;
		};
		2B63613B2DA90C0F00B59427 /* Frameworks */ = {
			isa = PBXFrameworksBuildPhase;
			buildActionMask = 2147483647;
			files = (
			);
			runOnlyForDeploymentPostprocessing = 0;
		};
		2B6361452DA90C0F00B59427 /* Frameworks */ = {
			isa = PBXFrameworksBuildPhase;
			buildActionMask = 2147483647;
			files = (
			);
			runOnlyForDeploymentPostprocessing = 0;
		};
/* End PBXFrameworksBuildPhase section */

/* Begin PBXGroup section */
		2B6361252DA90C0D00B59427 = {
			isa = PBXGroup;
			children = (
				2B6361302DA90C0D00B59427 /* CheersClock */,
				2B6361412DA90C0F00B59427 /* CheersClockTests */,
				2B63614B2DA90C0F00B59427 /* CheersClockUITests */,
				2B63612F2DA90C0D00B59427 /* Products */,
			);
			sourceTree = "<group>";
		};
		2B63612F2DA90C0D00B59427 /* Products */ = {
			isa = PBXGroup;
			children = (
				2B63612E2DA90C0D00B59427 /* CheersClock.app */,
				2B63613E2DA90C0F00B59427 /* CheersClockTests.xctest */,
				2B6361482DA90C0F00B59427 /* CheersClockUITests.xctest */,
			);
			name = Products;
			sourceTree = "<group>";
		};
/* End PBXGroup section */

/* Begin PBXNativeTarget section */
		2B63612D2DA90C0D00B59427 /* CheersClock */ = {
			isa = PBXNativeTarget;
			buildConfigurationList = 2B6361522DA90C0F00B59427 /* Build configuration list for PBXNativeTarget "CheersClock" */;
			buildPhases = (
				2B63612A2DA90C0D00B59427 /* Sources */,
				2B63612B2DA90C0D00B59427 /* Frameworks */,
				2B63612C2DA90C0D00B59427 /* Resources */,
			);
			buildRules = (
			);
			dependencies = (
			);
			fileSystemSynchronizedGroups = (
				2B6361302DA90C0D00B59427 /* CheersClock */,
			);
			name = CheersClock;
			packageProductDependencies = (
			);
			productName = CheersClock;
			productReference = 2B63612E2DA90C0D00B59427 /* CheersClock.app */;
			productType = "com.apple.product-type.application";
		};
		2B63613D2DA90C0F00B59427 /* CheersClockTests */ = {
			isa = PBXNativeTarget;
			buildConfigurationList = 2B6361552DA90C0F00B59427 /* Build configuration list for PBXNativeTarget "CheersClockTests" */;
			buildPhases = (
				2B63613A2DA90C0F00B59427 /* Sources */,
				2B63613B2DA90C0F00B59427 /* Frameworks */,
				2B63613C2DA90C0F00B59427 /* Resources */,
			);
			buildRules = (
			);
			dependencies = (
				2B6361402DA90C0F00B59427 /* PBXTargetDependency */,
			);
			fileSystemSynchronizedGroups = (
				2B6361412DA90C0F00B59427 /* CheersClockTests */,
			);
			name = CheersClockTests;
			packageProductDependencies = (
			);
			productName = CheersClockTests;
			productReference = 2B63613E2DA90C0F00B59427 /* CheersClockTests.xctest */;
			productType = "com.apple.product-type.bundle.unit-test";
		};
		2B6361472DA90C0F00B59427 /* CheersClockUITests */ = {
			isa = PBXNativeTarget;
			buildConfigurationList = 2B6361582DA90C0F00B59427 /* Build configuration list for PBXNativeTarget "CheersClockUITests" */;
			buildPhases = (
				2B6361442DA90C0F00B59427 /* Sources */,
				2B6361452DA90C0F00B59427 /* Frameworks */,
				2B6361462DA90C0F00B59427 /* Resources */,
			);
			buildRules = (
			);
			dependencies = (
				2B63614A2DA90C0F00B59427 /* PBXTargetDependency */,
			);
			fileSystemSynchronizedGroups = (
				2B63614B2DA90C0F00B59427 /* CheersClockUITests */,
			);
			name = CheersClockUITests;
			packageProductDependencies = (
			);
			productName = CheersClockUITests;
			productReference = 2B6361482DA90C0F00B59427 /* CheersClockUITests.xctest */;
			productType = "com.apple.product-type.bundle.ui-testing";
		};
/* End PBXNativeTarget section */

/* Begin PBXProject section */
		2B6361262DA90C0D00B59427 /* Project object */ = {
			isa = PBXProject;
			attributes = {
				BuildIndependentTargetsInParallel = 1;
				LastSwiftUpdateCheck = 1620;
				LastUpgradeCheck = 1620;
				TargetAttributes = {
					2B63612D2DA90C0D00B59427 = {
						CreatedOnToolsVersion = 16.2;
					};
					2B63613D2DA90C0F00B59427 = {
						CreatedOnToolsVersion = 16.2;
						TestTargetID = 2B63612D2DA90C0D00B59427;
					};
					2B6361472DA90C0F00B59427 = {
						CreatedOnToolsVersion = 16.2;
						TestTargetID = 2B63612D2DA90C0D00B59427;
					};
				};
			};
			buildConfigurationList = 2B6361292DA90C0D00B59427 /* Build configuration list for PBXProject "CheersClock" */;
			developmentRegion = en;
			hasScannedForEncodings = 0;
			knownRegions = (
				en,
				Base,
			);
			mainGroup = 2B6361252DA90C0D00B59427;
			minimizedProjectReferenceProxies = 1;
			preferredProjectObjectVersion = 77;
			productRefGroup = 2B63612F2DA90C0D00B59427 /* Products */;
			projectDirPath = "";
			projectRoot = "";
			targets = (
				2B63612D2DA90C0D00B59427 /* CheersClock */,
				2B63613D2DA90C0F00B59427 /* CheersClockTests */,
				2B6361472DA90C0F00B59427 /* CheersClockUITests */,
			);
		};
/* End PBXProject section */

/* Begin PBXResourcesBuildPhase section */
		2B63612C2DA90C0D00B59427 /* Resources */ = {
			isa = PBXResourcesBuildPhase;
			buildActionMask = 2147483647;
			files = (
			);
			runOnlyForDeploymentPostprocessing = 0;
		};
		2B63613C2DA90C0F00B59427 /* Resources */ = {
			isa = PBXResourcesBuildPhase;
			buildActionMask = 2147483647;
			files = (
			);
			runOnlyForDeploymentPostprocessing = 0;
		};
		2B6361462DA90C0F00B59427 /* Resources */ = {
			isa = PBXResourcesBuildPhase;
			buildActionMask = 2147483647;
			files = (
			);
			runOnlyForDeploymentPostprocessing = 0;
		};
/* End PBXResourcesBuildPhase section */

/* Begin PBXSourcesBuildPhase section */
		2B63612A2DA90C0D00B59427 /* Sources */ = {
			isa = PBXSourcesBuildPhase;
			buildActionMask = 2147483647;
			files = (
			);
			runOnlyForDeploymentPostprocessing = 0;
		};
		2B63613A2DA90C0F00B59427 /* Sources */ = {
			isa = PBXSourcesBuildPhase;
			buildActionMask = 2147483647;
			files = (
			);
			runOnlyForDeploymentPostprocessing = 0;
		};
		2B6361442DA90C0F00B59427 /* Sources */ = {
			isa = PBXSourcesBuildPhase;
			buildActionMask = 2147483647;
			files = (
			);
			runOnlyForDeploymentPostprocessing = 0;
		};
/* End PBXSourcesBuildPhase section */

/* Begin PBXTargetDependency section */
		2B6361402DA90C0F00B59427 /* PBXTargetDependency */ = {
			isa = PBXTargetDependency;
			target = 2B63612D2DA90C0D00B59427 /* CheersClock */;
			targetProxy = 2B63613F2DA90C0F00B59427 /* PBXContainerItemProxy */;
		};
		2B63614A2DA90C0F00B59427 /* PBXTargetDependency */ = {
			isa = PBXTargetDependency;
			target = 2B63612D2DA90C0D00B59427 /* CheersClock */;
			targetProxy = 2B6361492DA90C0F00B59427 /* PBXContainerItemProxy */;
		};
/* End PBXTargetDependency section */

/* Begin XCBuildConfiguration section */
		2B6361502DA90C0F00B59427 /* Debug */ = {
			isa = XCBuildConfiguration;
			buildSettings = {
				ALWAYS_SEARCH_USER_PATHS = NO;
				ASSETCATALOG_COMPILER_GENERATE_SWIFT_ASSET_SYMBOL_EXTENSIONS = YES;
				CLANG_ANALYZER_NONNULL = YES;
				CLANG_ANALYZER_NUMBER_OBJECT_CONVERSION = YES_AGGRESSIVE;
				CLANG_CXX_LANGUAGE_STANDARD = "gnu++20";
				CLANG_ENABLE_MODULES = YES;
				CLANG_ENABLE_OBJC_ARC = YES;
				CLANG_ENABLE_OBJC_WEAK = YES;
				CLANG_WARN_BLOCK_CAPTURE_AUTORELEASING = YES;
				CLANG_WARN_BOOL_CONVERSION = YES;
				CLANG_WARN_COMMA = YES;
				CLANG_WARN_CONSTANT_CONVERSION = YES;
				CLANG_WARN_DEPRECATED_OBJC_IMPLEMENTATIONS = YES;
				CLANG_WARN_DIRECT_OBJC_ISA_USAGE = YES_ERROR;
				CLANG_WARN_DOCUMENTATION_COMMENTS = YES;
				CLANG_WARN_EMPTY_BODY = YES;
				CLANG_WARN_ENUM_CONVERSION = YES;
				CLANG_WARN_INFINITE_RECURSION = YES;
				CLANG_WARN_INT_CONVERSION = YES;
				CLANG_WARN_NON_LITERAL_NULL_CONVERSION = YES;
				CLANG_WARN_OBJC_IMPLICIT_RETAIN_SELF = YES;
				CLANG_WARN_OBJC_LITERAL_CONVERSION = YES;
				CLANG_WARN_OBJC_ROOT_CLASS = YES_ERROR;
				CLANG_WARN_QUOTED_INCLUDE_IN_FRAMEWORK_HEADER = YES;
				CLANG_WARN_RANGE_LOOP_ANALYSIS = YES;
				CLANG_WARN_STRICT_PROTOTYPES = YES;
				CLANG_WARN_SUSPICIOUS_MOVE = YES;
				CLANG_WARN_UNGUARDED_AVAILABILITY = YES_AGGRESSIVE;
				CLANG_WARN_UNREACHABLE_CODE = YES;
				CLANG_WARN__DUPLICATE_METHOD_MATCH = YES;
				COPY_PHASE_STRIP = NO;
				DEBUG_INFORMATION_FORMAT = dwarf;
				ENABLE_STRICT_OBJC_MSGSEND = YES;
				ENABLE_TESTABILITY = YES;
				ENABLE_USER_SCRIPT_SANDBOXING = YES;
				GCC_C_LANGUAGE_STANDARD = gnu17;
				GCC_DYNAMIC_NO_PIC = NO;
				GCC_NO_COMMON_BLOCKS = YES;
				GCC_OPTIMIZATION_LEVEL = 0;
				GCC_PREPROCESSOR_DEFINITIONS = (
					"DEBUG=1",
					"$(inherited)",
				);
				GCC_WARN_64_TO_32_BIT_CONVERSION = YES;
				GCC_WARN_ABOUT_RETURN_TYPE = YES_ERROR;
				GCC_WARN_UNDECLARED_SELECTOR = YES;
				GCC_WARN_UNINITIALIZED_AUTOS = YES_AGGRESSIVE;
				GCC_WARN_UNUSED_FUNCTION = YES;
				GCC_WARN_UNUSED_VARIABLE = YES;
				IPHONEOS_DEPLOYMENT_TARGET = 18.2;
				LOCALIZATION_PREFERS_STRING_CATALOGS = YES;
				MTL_ENABLE_DEBUG_INFO = INCLUDE_SOURCE;
				MTL_FAST_MATH = YES;
				ONLY_ACTIVE_ARCH = YES;
				SDKROOT = iphoneos;
				SWIFT_ACTIVE_COMPILATION_CONDITIONS = "DEBUG $(inherited)";
				SWIFT_OPTIMIZATION_LEVEL = "-Onone";
			};
			name = Debug;
		};
		2B6361512DA90C0F00B59427 /* Release */ = {
			isa = XCBuildConfiguration;
			buildSettings = {
				ALWAYS_SEARCH_USER_PATHS = NO;
				ASSETCATALOG_COMPILER_GENERATE_SWIFT_ASSET_SYMBOL_EXTENSIONS = YES;
				CLANG_ANALYZER_NONNULL = YES;
				CLANG_ANALYZER_NUMBER_OBJECT_CONVERSION = YES_AGGRESSIVE;
				CLANG_CXX_LANGUAGE_STANDARD = "gnu++20";
				CLANG_ENABLE_MODULES = YES;
				CLANG_ENABLE_OBJC_ARC = YES;
				CLANG_ENABLE_OBJC_WEAK = YES;
				CLANG_WARN_BLOCK_CAPTURE_AUTORELEASING = YES;
				CLANG_WARN_BOOL_CONVERSION = YES;
				CLANG_WARN_COMMA = YES;
				CLANG_WARN_CONSTANT_CONVERSION = YES;
				CLANG_WARN_DEPRECATED_OBJC_IMPLEMENTATIONS = YES;
				CLANG_WARN_DIRECT_OBJC_ISA_USAGE = YES_ERROR;
				CLANG_WARN_DOCUMENTATION_COMMENTS = YES;
				CLANG_WARN_EMPTY_BODY = YES;
				CLANG_WARN_ENUM_CONVERSION = YES;
				CLANG_WARN_INFINITE_RECURSION = YES;
				CLANG_WARN_INT_CONVERSION = YES;
				CLANG_WARN_NON_LITERAL_NULL_CONVERSION = YES;
				CLANG_WARN_OBJC_IMPLICIT_RETAIN_SELF = YES;
				CLANG_WARN_OBJC_LITERAL_CONVERSION = YES;
				CLANG_WARN_OBJC_ROOT_CLASS = YES_ERROR;
				CLANG_WARN_QUOTED_INCLUDE_IN_FRAMEWORK_HEADER = YES;
				CLANG_WARN_RANGE_LOOP_ANALYSIS = YES;
				CLANG_WARN_STRICT_PROTOTYPES = YES;
				CLANG_WARN_SUSPICIOUS_MOVE = YES;
				CLANG_WARN_UNGUARDED_AVAILABILITY = YES_AGGRESSIVE;
				CLANG_WARN_UNREACHABLE_CODE = YES;
				CLANG_WARN__DUPLICATE_METHOD_MATCH = YES;
				COPY_PHASE_STRIP = NO;
				DEBUG_INFORMATION_FORMAT = "dwarf-with-dsym";
				ENABLE_NS_ASSERTIONS = NO;
				ENABLE_STRICT_OBJC_MSGSEND = YES;
				ENABLE_USER_SCRIPT_SANDBOXING = YES;
				GCC_C_LANGUAGE_STANDARD = gnu17;
				GCC_NO_COMMON_BLOCKS = YES;
				GCC_WARN_64_TO_32_BIT_CONVERSION = YES;
				GCC_WARN_ABOUT_RETURN_TYPE = YES_ERROR;
				GCC_WARN_UNDECLARED_SELECTOR = YES;
				GCC_WARN_UNINITIALIZED_AUTOS = YES_AGGRESSIVE;
				GCC_WARN_UNUSED_FUNCTION = YES;
				GCC_WARN_UNUSED_VARIABLE = YES;
				IPHONEOS_DEPLOYMENT_TARGET = 18.2;
				LOCALIZATION_PREFERS_STRING_CATALOGS = YES;
				MTL_ENABLE_DEBUG_INFO = NO;
				MTL_FAST_MATH = YES;
				SDKROOT = iphoneos;
				SWIFT_COMPILATION_MODE = wholemodule;
				VALIDATE_PRODUCT = YES;
			};
			name = Release;
		};
		2B6361532DA90C0F00B59427 /* Debug */ = {
			isa = XCBuildConfiguration;
			buildSettings = {
				ASSETCATALOG_COMPILER_APPICON_NAME = AppIcon;
				ASSETCATALOG_COMPILER_GLOBAL_ACCENT_COLOR_NAME = AccentColor;
				CODE_SIGN_STYLE = Automatic;
				CURRENT_PROJECT_VERSION = 1;
				DEVELOPMENT_ASSET_PATHS = "\"CheersClock/Preview Content\"";
				DEVELOPMENT_TEAM = 742T64Z7BN;
				ENABLE_PREVIEWS = YES;
				GENERATE_INFOPLIST_FILE = YES;
				INFOPLIST_KEY_UIApplicationSceneManifest_Generation = YES;
				INFOPLIST_KEY_UIApplicationSupportsIndirectInputEvents = YES;
				INFOPLIST_KEY_UILaunchScreen_Generation = YES;
				INFOPLIST_KEY_UISupportedInterfaceOrientations_iPad = "UIInterfaceOrientationPortrait UIInterfaceOrientationPortraitUpsideDown UIInterfaceOrientationLandscapeLeft UIInterfaceOrientationLandscapeRight";
				INFOPLIST_KEY_UISupportedInterfaceOrientations_iPhone = "UIInterfaceOrientationPortrait UIInterfaceOrientationLandscapeLeft UIInterfaceOrientationLandscapeRight";
				LD_RUNPATH_SEARCH_PATHS = (
					"$(inherited)",
					"@executable_path/Frameworks",
				);
				MARKETING_VERSION = 1.0;
				PRODUCT_BUNDLE_IDENTIFIER = com.danielmmw.CheersClock;
				PRODUCT_NAME = "$(TARGET_NAME)";
				SWIFT_EMIT_LOC_STRINGS = YES;
				SWIFT_VERSION = 5.0;
				TARGETED_DEVICE_FAMILY = "1,2";
			};
			name = Debug;
		};
		2B6361542DA90C0F00B59427 /* Release */ = {
			isa = XCBuildConfiguration;
			buildSettings = {
				ASSETCATALOG_COMPILER_APPICON_NAME = AppIcon;
				ASSETCATALOG_COMPILER_GLOBAL_ACCENT_COLOR_NAME = AccentColor;
				CODE_SIGN_STYLE = Automatic;
				CURRENT_PROJECT_VERSION = 1;
				DEVELOPMENT_ASSET_PATHS = "\"CheersClock/Preview Content\"";
				DEVELOPMENT_TEAM = 742T64Z7BN;
				ENABLE_PREVIEWS = YES;
				GENERATE_INFOPLIST_FILE = YES;
				INFOPLIST_KEY_UIApplicationSceneManifest_Generation = YES;
				INFOPLIST_KEY_UIApplicationSupportsIndirectInputEvents = YES;
				INFOPLIST_KEY_UILaunchScreen_Generation = YES;
				INFOPLIST_KEY_UISupportedInterfaceOrientations_iPad = "UIInterfaceOrientationPortrait UIInterfaceOrientationPortraitUpsideDown UIInterfaceOrientationLandscapeLeft UIInterfaceOrientationLandscapeRight";
				INFOPLIST_KEY_UISupportedInterfaceOrientations_iPhone = "UIInterfaceOrientationPortrait UIInterfaceOrientationLandscapeLeft UIInterfaceOrientationLandscapeRight";
				LD_RUNPATH_SEARCH_PATHS = (
					"$(inherited)",
					"@executable_path/Frameworks",
				);
				MARKETING_VERSION = 1.0;
				PRODUCT_BUNDLE_IDENTIFIER = com.danielmmw.CheersClock;
				PRODUCT_NAME = "$(TARGET_NAME)";
				SWIFT_EMIT_LOC_STRINGS = YES;
				SWIFT_VERSION = 5.0;
				TARGETED_DEVICE_FAMILY = "1,2";
			};
			name = Release;
		};
		2B6361562DA90C0F00B59427 /* Debug */ = {
			isa = XCBuildConfiguration;
			buildSettings = {
				BUNDLE_LOADER = "$(TEST_HOST)";
				CODE_SIGN_STYLE = Automatic;
				CURRENT_PROJECT_VERSION = 1;
				DEVELOPMENT_TEAM = 742T64Z7BN;
				GENERATE_INFOPLIST_FILE = YES;
				IPHONEOS_DEPLOYMENT_TARGET = 18.2;
				MARKETING_VERSION = 1.0;
				PRODUCT_BUNDLE_IDENTIFIER = com.danielmmw.CheersClockTests;
				PRODUCT_NAME = "$(TARGET_NAME)";
				SWIFT_EMIT_LOC_STRINGS = NO;
				SWIFT_VERSION = 5.0;
				TARGETED_DEVICE_FAMILY = "1,2";
				TEST_HOST = "$(BUILT_PRODUCTS_DIR)/CheersClock.app/$(BUNDLE_EXECUTABLE_FOLDER_PATH)/CheersClock";
			};
			name = Debug;
		};
		2B6361572DA90C0F00B59427 /* Release */ = {
			isa = XCBuildConfiguration;
			buildSettings = {
				BUNDLE_LOADER = "$(TEST_HOST)";
				CODE_SIGN_STYLE = Automatic;
				CURRENT_PROJECT_VERSION = 1;
				DEVELOPMENT_TEAM = 742T64Z7BN;
				GENERATE_INFOPLIST_FILE = YES;
				IPHONEOS_DEPLOYMENT_TARGET = 18.2;
				MARKETING_VERSION = 1.0;
				PRODUCT_BUNDLE_IDENTIFIER = com.danielmmw.CheersClockTests;
				PRODUCT_NAME = "$(TARGET_NAME)";
				SWIFT_EMIT_LOC_STRINGS = NO;
				SWIFT_VERSION = 5.0;
				TARGETED_DEVICE_FAMILY = "1,2";
				TEST_HOST = "$(BUILT_PRODUCTS_DIR)/CheersClock.app/$(BUNDLE_EXECUTABLE_FOLDER_PATH)/CheersClock";
			};
			name = Release;
		};
		2B6361592DA90C0F00B59427 /* Debug */ = {
			isa = XCBuildConfiguration;
			buildSettings = {
				CODE_SIGN_STYLE = Automatic;
				CURRENT_PROJECT_VERSION = 1;
				DEVELOPMENT_TEAM = 742T64Z7BN;
				GENERATE_INFOPLIST_FILE = YES;
				MARKETING_VERSION = 1.0;
				PRODUCT_BUNDLE_IDENTIFIER = com.danielmmw.CheersClockUITests;
				PRODUCT_NAME = "$(TARGET_NAME)";
				SWIFT_EMIT_LOC_STRINGS = NO;
				SWIFT_VERSION = 5.0;
				TARGETED_DEVICE_FAMILY = "1,2";
				TEST_TARGET_NAME = CheersClock;
			};
			name = Debug;
		};
		2B63615A2DA90C0F00B59427 /* Release */ = {
			isa = XCBuildConfiguration;
			buildSettings = {
				CODE_SIGN_STYLE = Automatic;
				CURRENT_PROJECT_VERSION = 1;
				DEVELOPMENT_TEAM = 742T64Z7BN;
				GENERATE_INFOPLIST_FILE = YES;
				MARKETING_VERSION = 1.0;
				PRODUCT_BUNDLE_IDENTIFIER = com.danielmmw.CheersClockUITests;
				PRODUCT_NAME = "$(TARGET_NAME)";
				SWIFT_EMIT_LOC_STRINGS = NO;
				SWIFT_VERSION = 5.0;
				TARGETED_DEVICE_FAMILY = "1,2";
				TEST_TARGET_NAME = CheersClock;
			};
			name = Release;
		};
/* End XCBuildConfiguration section */

/* Begin XCConfigurationList section */
		2B6361292DA90C0D00B59427 /* Build configuration list for PBXProject "CheersClock" */ = {
			isa = XCConfigurationList;
			buildConfigurations = (
				2B6361502DA90C0F00B59427 /* Debug */,
				2B6361512DA90C0F00B59427 /* Release */,
			);
			defaultConfigurationIsVisible = 0;
			defaultConfigurationName = Release;
		};
		2B6361522DA90C0F00B59427 /* Build configuration list for PBXNativeTarget "CheersClock" */ = {
			isa = XCConfigurationList;
			buildConfigurations = (
				2B6361532DA90C0F00B59427 /* Debug */,
				2B6361542DA90C0F00B59427 /* Release */,
			);
			defaultConfigurationIsVisible = 0;
			defaultConfigurationName = Release;
		};
		2B6361552DA90C0F00B59427 /* Build configuration list for PBXNativeTarget "CheersClockTests" */ = {
			isa = XCConfigurationList;
			buildConfigurations = (
				2B6361562DA90C0F00B59427 /* Debug */,
				2B6361572DA90C0F00B59427 /* Release */,
			);
			defaultConfigurationIsVisible = 0;
			defaultConfigurationName = Release;
		};
		2B6361582DA90C0F00B59427 /* Build configuration list for PBXNativeTarget "CheersClockUITests" */ = {
			isa = XCConfigurationList;
			buildConfigurations = (
				2B6361592DA90C0F00B59427 /* Debug */,
				2B63615A2DA90C0F00B59427 /* Release */,
			);
			defaultConfigurationIsVisible = 0;
			defaultConfigurationName = Release;
		};
/* End XCConfigurationList section */
	};
	rootObject = 2B6361262DA90C0D00B59427 /* Project object */;
}
